
Microsoft Visual Studio Solution File, Format Version 12.00
# Visual Studio Version 16
Project("{FAE04EC0-301F-11D3-BF4B-00C04F79EFBC}") = "Ersms.Notifications", "Ersms.Notifications\Ersms.Notifications.csproj", "{8FF6330E-64A8-46C4-8B1B-CA19B1D5B9AB}"
EndProject
Project("{FAE04EC0-301F-11D3-BF4B-00C04F79EFBC}") = "NotificationsProxy", "NotificationsProxy\NotificationsProxy.csproj", "{A7689CEA-9383-4711-88D3-D31C6C18EDE5}"
EndProject
Project("{FAE04EC0-301F-11D3-BF4B-00C04F79EFBC}") = "TestEmailFunction", "TestEmailFunction\TestEmailFunction.csproj", "{052ABD30-34F8-4EEF-B81A-53CCACAB36AF}"
EndProject
Global
	GlobalSection(SolutionConfigurationPlatforms) = preSolution
		Debug|Any CPU = Debug|Any CPU
		Release|Any CPU = Release|Any CPU
	EndGlobalSection
	GlobalSection(ProjectConfigurationPlatforms) = postSolution
		{8FF6330E-64A8-46C4-8B1B-CA19B1D5B9AB}.Debug|Any CPU.ActiveCfg = Debug|Any CPU
		{8FF6330E-64A8-46C4-8B1B-CA19B1D5B9AB}.Debug|Any CPU.Build.0 = Debug|Any CPU
		{8FF6330E-64A8-46C4-8B1B-CA19B1D5B9AB}.Release|Any CPU.ActiveCfg = Release|Any CPU
		{8FF6330E-64A8-46C4-8B1B-CA19B1D5B9AB}.Release|Any CPU.Build.0 = Release|Any CPU
		{A7689CEA-9383-4711-88D3-D31C6C18EDE5}.Debug|Any CPU.ActiveCfg = Debug|Any CPU
		{A7689CEA-9383-4711-88D3-D31C6C18EDE5}.Debug|Any CPU.Build.0 = Debug|Any CPU
		{A7689CEA-9383-4711-88D3-D31C6C18EDE5}.Release|Any CPU.ActiveCfg = Release|Any CPU
		{A7689CEA-9383-4711-88D3-D31C6C18EDE5}.Release|Any CPU.Build.0 = Release|Any CPU
		{052ABD30-34F8-4EEF-B81A-53CCACAB36AF}.Debug|Any CPU.ActiveCfg = Debug|Any CPU
		{052ABD30-34F8-4EEF-B81A-53CCACAB36AF}.Debug|Any CPU.Build.0 = Debug|Any CPU
		{052ABD30-34F8-4EEF-B81A-53CCACAB36AF}.Release|Any CPU.ActiveCfg = Release|Any CPU
		{052ABD30-34F8-4EEF-B81A-53CCACAB36AF}.Release|Any CPU.Build.0 = Release|Any CPU
	EndGlobalSection
EndGlobal
